
Microsoft Visual Studio Solution File, Format Version 12.00
# Visual Studio Version 16
VisualStudioVersion = 16.0.30011.22
MinimumVisualStudioVersion = 10.0.40219.1
Project("{FAE04EC0-301F-11D3-BF4B-00C04F79EFBC}") = "StudentsAPI", "StudentsAPI\StudentsAPI.csproj", "{55D3C8D2-771D-4E41-BAFA-1E75C1BE3847}"
EndProject
Project("{FAE04EC0-301F-11D3-BF4B-00C04F79EFBC}") = "StudentsAPI.Tests", "StudentsAPI.Tests\StudentsAPI.Tests.csproj", "{7D13F3AD-D918-4A7A-B651-FDE476CDD463}"
EndProject
Global
	GlobalSection(SolutionConfigurationPlatforms) = preSolution
		Debug|Any CPU = Debug|Any CPU
		Release|Any CPU = Release|Any CPU
	EndGlobalSection
	GlobalSection(ProjectConfigurationPlatforms) = postSolution
		{55D3C8D2-771D-4E41-BAFA-1E75C1BE3847}.Debug|Any CPU.ActiveCfg = Debug|Any CPU
		{55D3C8D2-771D-4E41-BAFA-1E75C1BE3847}.Debug|Any CPU.Build.0 = Debug|Any CPU
		{55D3C8D2-771D-4E41-BAFA-1E75C1BE3847}.Release|Any CPU.ActiveCfg = Release|Any CPU
		{55D3C8D2-771D-4E41-BAFA-1E75C1BE3847}.Release|Any CPU.Build.0 = Release|Any CPU
		{7D13F3AD-D918-4A7A-B651-FDE476CDD463}.Debug|Any CPU.ActiveCfg = Debug|Any CPU
		{7D13F3AD-D918-4A7A-B651-FDE476CDD463}.Debug|Any CPU.Build.0 = Debug|Any CPU
		{7D13F3AD-D918-4A7A-B651-FDE476CDD463}.Release|Any CPU.ActiveCfg = Release|Any CPU
		{7D13F3AD-D918-4A7A-B651-FDE476CDD463}.Release|Any CPU.Build.0 = Release|Any CPU
	EndGlobalSection
	GlobalSection(SolutionProperties) = preSolution
		HideSolutionNode = FALSE
	EndGlobalSection
	GlobalSection(ExtensibilityGlobals) = postSolution
		SolutionGuid = {CE290868-919F-4B5A-9B55-B851654D65C7}
	EndGlobalSection
EndGlobal
